// !$*UTF8*$!
{
	archiveVersion = 1;
	classes = {
	};
	objectVersion = 48;
	objects = {

/* Begin PBXBuildFile section */
		470722351FE4BEF2004F00D4 /* CardView.swift in Sources */ = {isa = PBXBuildFile; fileRef = 470722341FE4BEF2004F00D4 /* CardView.swift */; };
		4711206F1FE08352004B389E /* Media.xcassets in Resources */ = {isa = PBXBuildFile; fileRef = 4711206E1FE08352004B389E /* Media.xcassets */; };
		471120711FE08436004B389E /* LikeAnimations.swift in Sources */ = {isa = PBXBuildFile; fileRef = 471120701FE08436004B389E /* LikeAnimations.swift */; };
		473A28191FE6422C00390E6C /* CustomImageView.swift in Sources */ = {isa = PBXBuildFile; fileRef = 473A28181FE6422C00390E6C /* CustomImageView.swift */; };
		4771447D1FE326270024BE9E /* QuoteDetailViewModel.swift in Sources */ = {isa = PBXBuildFile; fileRef = 4771447C1FE326270024BE9E /* QuoteDetailViewModel.swift */; };
		477BE22E1FDF7AC200FE23BF /* ListProxyTypes.swift in Sources */ = {isa = PBXBuildFile; fileRef = 477BE22C1FDF7AC100FE23BF /* ListProxyTypes.swift */; };
		477BE22F1FDF7AC200FE23BF /* ListProxyFactory.swift in Sources */ = {isa = PBXBuildFile; fileRef = 477BE22D1FDF7AC200FE23BF /* ListProxyFactory.swift */; };
		477BE2311FDF7C5600FE23BF /* QuoteCollectionViewCell.swift in Sources */ = {isa = PBXBuildFile; fileRef = 477BE2301FDF7C5600FE23BF /* QuoteCollectionViewCell.swift */; };
		477BE2331FDF84A500FE23BF /* QuoteDetailViewController.swift in Sources */ = {isa = PBXBuildFile; fileRef = 477BE2321FDF84A500FE23BF /* QuoteDetailViewController.swift */; };
		478FEF701FDF6F3F00DD2D3E /* AppDelegate.swift in Sources */ = {isa = PBXBuildFile; fileRef = 478FEF6F1FDF6F3F00DD2D3E /* AppDelegate.swift */; };
		478FEF721FDF6F3F00DD2D3E /* RecentViewController.swift in Sources */ = {isa = PBXBuildFile; fileRef = 478FEF711FDF6F3F00DD2D3E /* RecentViewController.swift */; };
		478FEF751FDF6F3F00DD2D3E /* Main.storyboard in Resources */ = {isa = PBXBuildFile; fileRef = 478FEF731FDF6F3F00DD2D3E /* Main.storyboard */; };
		478FEF771FDF6F3F00DD2D3E /* Assets.xcassets in Resources */ = {isa = PBXBuildFile; fileRef = 478FEF761FDF6F3F00DD2D3E /* Assets.xcassets */; };
		478FEF7A1FDF6F3F00DD2D3E /* LaunchScreen.storyboard in Resources */ = {isa = PBXBuildFile; fileRef = 478FEF781FDF6F3F00DD2D3E /* LaunchScreen.storyboard */; };
		478FEF851FDF6F4000DD2D3E /* famousQuotesTests.swift in Sources */ = {isa = PBXBuildFile; fileRef = 478FEF841FDF6F4000DD2D3E /* famousQuotesTests.swift */; };
		478FEF931FDF755600DD2D3E /* SimpleHttpGetter.swift in Sources */ = {isa = PBXBuildFile; fileRef = 478FEF8F1FDF755500DD2D3E /* SimpleHttpGetter.swift */; };
		478FEF941FDF755600DD2D3E /* BaseListViewModel.swift in Sources */ = {isa = PBXBuildFile; fileRef = 478FEF901FDF755500DD2D3E /* BaseListViewModel.swift */; };
		478FEF951FDF755600DD2D3E /* CustomView.swift in Sources */ = {isa = PBXBuildFile; fileRef = 478FEF911FDF755500DD2D3E /* CustomView.swift */; };
		478FEF961FDF755600DD2D3E /* Commons.swift in Sources */ = {isa = PBXBuildFile; fileRef = 478FEF921FDF755600DD2D3E /* Commons.swift */; };
		478FEF991FDF767E00DD2D3E /* DefaultCollectionView.swift in Sources */ = {isa = PBXBuildFile; fileRef = 478FEF981FDF767E00DD2D3E /* DefaultCollectionView.swift */; };
		478FEFA11FDF770A00DD2D3E /* Kingfisher.framework in Frameworks */ = {isa = PBXBuildFile; fileRef = 478FEF9C1FDF770A00DD2D3E /* Kingfisher.framework */; };
		478FEFA21FDF770A00DD2D3E /* RxSwift.framework in Frameworks */ = {isa = PBXBuildFile; fileRef = 478FEF9D1FDF770A00DD2D3E /* RxSwift.framework */; };
		478FEFA31FDF770A00DD2D3E /* Alamofire.framework in Frameworks */ = {isa = PBXBuildFile; fileRef = 478FEF9E1FDF770A00DD2D3E /* Alamofire.framework */; };
		478FEFA41FDF770A00DD2D3E /* SwiftyJSON.framework in Frameworks */ = {isa = PBXBuildFile; fileRef = 478FEF9F1FDF770A00DD2D3E /* SwiftyJSON.framework */; };
		478FEFA51FDF770A00DD2D3E /* RxCocoa.framework in Frameworks */ = {isa = PBXBuildFile; fileRef = 478FEFA01FDF770A00DD2D3E /* RxCocoa.framework */; };
		478FEFA71FDF773700DD2D3E /* JSONParser.swift in Sources */ = {isa = PBXBuildFile; fileRef = 478FEFA61FDF773700DD2D3E /* JSONParser.swift */; };
		478FEFA91FDF77BF00DD2D3E /* Quote.swift in Sources */ = {isa = PBXBuildFile; fileRef = 478FEFA81FDF77BF00DD2D3E /* Quote.swift */; };
		478FEFAB1FDF78AB00DD2D3E /* RecentViewModel.swift in Sources */ = {isa = PBXBuildFile; fileRef = 478FEFAA1FDF78AB00DD2D3E /* RecentViewModel.swift */; };
/* End PBXBuildFile section */

/* Begin PBXContainerItemProxy section */
		478FEF811FDF6F4000DD2D3E /* PBXContainerItemProxy */ = {
			isa = PBXContainerItemProxy;
			containerPortal = 478FEF641FDF6F3F00DD2D3E /* Project object */;
			proxyType = 1;
			remoteGlobalIDString = 478FEF6B1FDF6F3F00DD2D3E;
			remoteInfo = famousQuotes;
		};
/* End PBXContainerItemProxy section */

/* Begin PBXFileReference section */
		470722341FE4BEF2004F00D4 /* CardView.swift */ = {isa = PBXFileReference; lastKnownFileType = sourcecode.swift; path = CardView.swift; sourceTree = "<group>"; };
		4711206E1FE08352004B389E /* Media.xcassets */ = {isa = PBXFileReference; lastKnownFileType = folder.assetcatalog; path = Media.xcassets; sourceTree = "<group>"; };
		471120701FE08436004B389E /* LikeAnimations.swift */ = {isa = PBXFileReference; lastKnownFileType = sourcecode.swift; path = LikeAnimations.swift; sourceTree = "<group>"; };
		473A28181FE6422C00390E6C /* CustomImageView.swift */ = {isa = PBXFileReference; lastKnownFileType = sourcecode.swift; path = CustomImageView.swift; sourceTree = "<group>"; };
		4771447C1FE326270024BE9E /* QuoteDetailViewModel.swift */ = {isa = PBXFileReference; lastKnownFileType = sourcecode.swift; path = QuoteDetailViewModel.swift; sourceTree = "<group>"; };
		477BE22C1FDF7AC100FE23BF /* ListProxyTypes.swift */ = {isa = PBXFileReference; fileEncoding = 4; lastKnownFileType = sourcecode.swift; path = ListProxyTypes.swift; sourceTree = "<group>"; };
		477BE22D1FDF7AC200FE23BF /* ListProxyFactory.swift */ = {isa = PBXFileReference; fileEncoding = 4; lastKnownFileType = sourcecode.swift; path = ListProxyFactory.swift; sourceTree = "<group>"; };
		477BE2301FDF7C5600FE23BF /* QuoteCollectionViewCell.swift */ = {isa = PBXFileReference; lastKnownFileType = sourcecode.swift; path = QuoteCollectionViewCell.swift; sourceTree = "<group>"; };
		477BE2321FDF84A500FE23BF /* QuoteDetailViewController.swift */ = {isa = PBXFileReference; lastKnownFileType = sourcecode.swift; path = QuoteDetailViewController.swift; sourceTree = "<group>"; };
		478FEF6C1FDF6F3F00DD2D3E /* famousQuotes.app */ = {isa = PBXFileReference; explicitFileType = wrapper.application; includeInIndex = 0; path = famousQuotes.app; sourceTree = BUILT_PRODUCTS_DIR; };
		478FEF6F1FDF6F3F00DD2D3E /* AppDelegate.swift */ = {isa = PBXFileReference; lastKnownFileType = sourcecode.swift; path = AppDelegate.swift; sourceTree = "<group>"; };
		478FEF711FDF6F3F00DD2D3E /* RecentViewController.swift */ = {isa = PBXFileReference; lastKnownFileType = sourcecode.swift; path = RecentViewController.swift; sourceTree = "<group>"; };
		478FEF741FDF6F3F00DD2D3E /* Base */ = {isa = PBXFileReference; lastKnownFileType = file.storyboard; name = Base; path = Base.lproj/Main.storyboard; sourceTree = "<group>"; };
		478FEF761FDF6F3F00DD2D3E /* Assets.xcassets */ = {isa = PBXFileReference; lastKnownFileType = folder.assetcatalog; path = Assets.xcassets; sourceTree = "<group>"; };
		478FEF791FDF6F3F00DD2D3E /* Base */ = {isa = PBXFileReference; lastKnownFileType = file.storyboard; name = Base; path = Base.lproj/LaunchScreen.storyboard; sourceTree = "<group>"; };
		478FEF7B1FDF6F3F00DD2D3E /* Info.plist */ = {isa = PBXFileReference; lastKnownFileType = text.plist.xml; path = Info.plist; sourceTree = "<group>"; };
		478FEF801FDF6F4000DD2D3E /* famousQuotesTests.xctest */ = {isa = PBXFileReference; explicitFileType = wrapper.cfbundle; includeInIndex = 0; path = famousQuotesTests.xctest; sourceTree = BUILT_PRODUCTS_DIR; };
		478FEF841FDF6F4000DD2D3E /* famousQuotesTests.swift */ = {isa = PBXFileReference; lastKnownFileType = sourcecode.swift; path = famousQuotesTests.swift; sourceTree = "<group>"; };
		478FEF861FDF6F4000DD2D3E /* Info.plist */ = {isa = PBXFileReference; lastKnownFileType = text.plist.xml; path = Info.plist; sourceTree = "<group>"; };
		478FEF8F1FDF755500DD2D3E /* SimpleHttpGetter.swift */ = {isa = PBXFileReference; fileEncoding = 4; lastKnownFileType = sourcecode.swift; path = SimpleHttpGetter.swift; sourceTree = "<group>"; };
		478FEF901FDF755500DD2D3E /* BaseListViewModel.swift */ = {isa = PBXFileReference; fileEncoding = 4; lastKnownFileType = sourcecode.swift; path = BaseListViewModel.swift; sourceTree = "<group>"; };
		478FEF911FDF755500DD2D3E /* CustomView.swift */ = {isa = PBXFileReference; fileEncoding = 4; lastKnownFileType = sourcecode.swift; path = CustomView.swift; sourceTree = "<group>"; };
		478FEF921FDF755600DD2D3E /* Commons.swift */ = {isa = PBXFileReference; fileEncoding = 4; lastKnownFileType = sourcecode.swift; path = Commons.swift; sourceTree = "<group>"; };
		478FEF981FDF767E00DD2D3E /* DefaultCollectionView.swift */ = {isa = PBXFileReference; lastKnownFileType = sourcecode.swift; path = DefaultCollectionView.swift; sourceTree = "<group>"; };
		478FEF9C1FDF770A00DD2D3E /* Kingfisher.framework */ = {isa = PBXFileReference; lastKnownFileType = wrapper.framework; name = Kingfisher.framework; path = Carthage/Build/iOS/Kingfisher.framework; sourceTree = SOURCE_ROOT; };
		478FEF9D1FDF770A00DD2D3E /* RxSwift.framework */ = {isa = PBXFileReference; lastKnownFileType = wrapper.framework; name = RxSwift.framework; path = Carthage/Build/iOS/RxSwift.framework; sourceTree = SOURCE_ROOT; };
		478FEF9E1FDF770A00DD2D3E /* Alamofire.framework */ = {isa = PBXFileReference; lastKnownFileType = wrapper.framework; name = Alamofire.framework; path = Carthage/Build/iOS/Alamofire.framework; sourceTree = SOURCE_ROOT; };
		478FEF9F1FDF770A00DD2D3E /* SwiftyJSON.framework */ = {isa = PBXFileReference; lastKnownFileType = wrapper.framework; name = SwiftyJSON.framework; path = Carthage/Build/iOS/SwiftyJSON.framework; sourceTree = SOURCE_ROOT; };
		478FEFA01FDF770A00DD2D3E /* RxCocoa.framework */ = {isa = PBXFileReference; lastKnownFileType = wrapper.framework; name = RxCocoa.framework; path = Carthage/Build/iOS/RxCocoa.framework; sourceTree = SOURCE_ROOT; };
		478FEFA61FDF773700DD2D3E /* JSONParser.swift */ = {isa = PBXFileReference; lastKnownFileType = sourcecode.swift; path = JSONParser.swift; sourceTree = "<group>"; };
		478FEFA81FDF77BF00DD2D3E /* Quote.swift */ = {isa = PBXFileReference; lastKnownFileType = sourcecode.swift; path = Quote.swift; sourceTree = "<group>"; };
		478FEFAA1FDF78AB00DD2D3E /* RecentViewModel.swift */ = {isa = PBXFileReference; lastKnownFileType = sourcecode.swift; path = RecentViewModel.swift; sourceTree = "<group>"; };
/* End PBXFileReference section */

/* Begin PBXFrameworksBuildPhase section */
		478FEF691FDF6F3F00DD2D3E /* Frameworks */ = {
			isa = PBXFrameworksBuildPhase;
			buildActionMask = 2147483647;
			files = (
				478FEFA41FDF770A00DD2D3E /* SwiftyJSON.framework in Frameworks */,
				478FEFA21FDF770A00DD2D3E /* RxSwift.framework in Frameworks */,
				478FEFA31FDF770A00DD2D3E /* Alamofire.framework in Frameworks */,
				478FEFA51FDF770A00DD2D3E /* RxCocoa.framework in Frameworks */,
				478FEFA11FDF770A00DD2D3E /* Kingfisher.framework in Frameworks */,
			);
			runOnlyForDeploymentPostprocessing = 0;
		};
		478FEF7D1FDF6F4000DD2D3E /* Frameworks */ = {
			isa = PBXFrameworksBuildPhase;
			buildActionMask = 2147483647;
			files = (
			);
			runOnlyForDeploymentPostprocessing = 0;
		};
/* End PBXFrameworksBuildPhase section */

/* Begin PBXGroup section */
		4771447A1FE325EC0024BE9E /* Recent */ = {
			isa = PBXGroup;
			children = (
				477BE2301FDF7C5600FE23BF /* QuoteCollectionViewCell.swift */,
				478FEF711FDF6F3F00DD2D3E /* RecentViewController.swift */,
				478FEFAA1FDF78AB00DD2D3E /* RecentViewModel.swift */,
			);
			path = Recent;
			sourceTree = "<group>";
		};
		4771447B1FE325FB0024BE9E /* QuoteDetail */ = {
			isa = PBXGroup;
			children = (
				477BE2321FDF84A500FE23BF /* QuoteDetailViewController.swift */,
				4771447C1FE326270024BE9E /* QuoteDetailViewModel.swift */,
			);
			path = QuoteDetail;
			sourceTree = "<group>";
		};
		477BE22B1FDF7AA900FE23BF /* ListProxies */ = {
			isa = PBXGroup;
			children = (
				477BE22D1FDF7AC200FE23BF /* ListProxyFactory.swift */,
				477BE22C1FDF7AC100FE23BF /* ListProxyTypes.swift */,
			);
			path = ListProxies;
			sourceTree = "<group>";
		};
		478FEF631FDF6F3F00DD2D3E = {
			isa = PBXGroup;
			children = (
				478FEF6E1FDF6F3F00DD2D3E /* famousQuotes */,
				478FEF9B1FDF76D800DD2D3E /* Frameworks */,
				478FEF831FDF6F4000DD2D3E /* famousQuotesTests */,
				478FEF6D1FDF6F3F00DD2D3E /* Products */,
			);
			sourceTree = "<group>";
		};
		478FEF6D1FDF6F3F00DD2D3E /* Products */ = {
			isa = PBXGroup;
			children = (
				478FEF6C1FDF6F3F00DD2D3E /* famousQuotes.app */,
				478FEF801FDF6F4000DD2D3E /* famousQuotesTests.xctest */,
			);
			name = Products;
			sourceTree = "<group>";
		};
		478FEF6E1FDF6F3F00DD2D3E /* famousQuotes */ = {
			isa = PBXGroup;
			children = (
				478FEF6F1FDF6F3F00DD2D3E /* AppDelegate.swift */,
				478FEF9A1FDF769900DD2D3E /* Utils */,
				4771447A1FE325EC0024BE9E /* Recent */,
				4771447B1FE325FB0024BE9E /* QuoteDetail */,
				478FEFA81FDF77BF00DD2D3E /* Quote.swift */,
				478FEF731FDF6F3F00DD2D3E /* Main.storyboard */,
				478FEF761FDF6F3F00DD2D3E /* Assets.xcassets */,
				4711206E1FE08352004B389E /* Media.xcassets */,
				478FEF781FDF6F3F00DD2D3E /* LaunchScreen.storyboard */,
				478FEF7B1FDF6F3F00DD2D3E /* Info.plist */,
			);
			path = famousQuotes;
			sourceTree = "<group>";
		};
		478FEF831FDF6F4000DD2D3E /* famousQuotesTests */ = {
			isa = PBXGroup;
			children = (
				478FEF841FDF6F4000DD2D3E /* famousQuotesTests.swift */,
				478FEF861FDF6F4000DD2D3E /* Info.plist */,
			);
			path = famousQuotesTests;
			sourceTree = "<group>";
		};
		478FEF9A1FDF769900DD2D3E /* Utils */ = {
			isa = PBXGroup;
			children = (
				477BE22B1FDF7AA900FE23BF /* ListProxies */,
				478FEF981FDF767E00DD2D3E /* DefaultCollectionView.swift */,
				478FEFA61FDF773700DD2D3E /* JSONParser.swift */,
				478FEF8F1FDF755500DD2D3E /* SimpleHttpGetter.swift */,
				478FEF901FDF755500DD2D3E /* BaseListViewModel.swift */,
				478FEF921FDF755600DD2D3E /* Commons.swift */,
				478FEF911FDF755500DD2D3E /* CustomView.swift */,
				470722341FE4BEF2004F00D4 /* CardView.swift */,
				473A28181FE6422C00390E6C /* CustomImageView.swift */,
				471120701FE08436004B389E /* LikeAnimations.swift */,
			);
			path = Utils;
			sourceTree = "<group>";
		};
		478FEF9B1FDF76D800DD2D3E /* Frameworks */ = {
			isa = PBXGroup;
			children = (
				478FEF9E1FDF770A00DD2D3E /* Alamofire.framework */,
				478FEF9C1FDF770A00DD2D3E /* Kingfisher.framework */,
				478FEFA01FDF770A00DD2D3E /* RxCocoa.framework */,
				478FEF9D1FDF770A00DD2D3E /* RxSwift.framework */,
				478FEF9F1FDF770A00DD2D3E /* SwiftyJSON.framework */,
			);
			path = Frameworks;
			sourceTree = "<group>";
		};
/* End PBXGroup section */

/* Begin PBXNativeTarget section */
		478FEF6B1FDF6F3F00DD2D3E /* famousQuotes */ = {
			isa = PBXNativeTarget;
			buildConfigurationList = 478FEF891FDF6F4000DD2D3E /* Build configuration list for PBXNativeTarget "famousQuotes" */;
			buildPhases = (
				478FEF681FDF6F3F00DD2D3E /* Sources */,
				478FEF691FDF6F3F00DD2D3E /* Frameworks */,
				478FEF6A1FDF6F3F00DD2D3E /* Resources */,
				478FEF971FDF758F00DD2D3E /* ShellScript */,
			);
			buildRules = (
			);
			dependencies = (
			);
			name = famousQuotes;
			productName = famousQuotes;
			productReference = 478FEF6C1FDF6F3F00DD2D3E /* famousQuotes.app */;
			productType = "com.apple.product-type.application";
		};
		478FEF7F1FDF6F4000DD2D3E /* famousQuotesTests */ = {
			isa = PBXNativeTarget;
			buildConfigurationList = 478FEF8C1FDF6F4000DD2D3E /* Build configuration list for PBXNativeTarget "famousQuotesTests" */;
			buildPhases = (
				478FEF7C1FDF6F4000DD2D3E /* Sources */,
				478FEF7D1FDF6F4000DD2D3E /* Frameworks */,
				478FEF7E1FDF6F4000DD2D3E /* Resources */,
			);
			buildRules = (
			);
			dependencies = (
				478FEF821FDF6F4000DD2D3E /* PBXTargetDependency */,
			);
			name = famousQuotesTests;
			productName = famousQuotesTests;
			productReference = 478FEF801FDF6F4000DD2D3E /* famousQuotesTests.xctest */;
			productType = "com.apple.product-type.bundle.unit-test";
		};
/* End PBXNativeTarget section */

/* Begin PBXProject section */
		478FEF641FDF6F3F00DD2D3E /* Project object */ = {
			isa = PBXProject;
			attributes = {
				LastSwiftUpdateCheck = 0910;
				LastUpgradeCheck = 0910;
				ORGANIZATIONNAME = "Xavier Pedrals";
				TargetAttributes = {
					478FEF6B1FDF6F3F00DD2D3E = {
						CreatedOnToolsVersion = 9.1;
						ProvisioningStyle = Automatic;
					};
					478FEF7F1FDF6F4000DD2D3E = {
						CreatedOnToolsVersion = 9.1;
						ProvisioningStyle = Automatic;
						TestTargetID = 478FEF6B1FDF6F3F00DD2D3E;
					};
				};
			};
			buildConfigurationList = 478FEF671FDF6F3F00DD2D3E /* Build configuration list for PBXProject "famousQuotes" */;
			compatibilityVersion = "Xcode 8.0";
			developmentRegion = en;
			hasScannedForEncodings = 0;
			knownRegions = (
				en,
				Base,
			);
			mainGroup = 478FEF631FDF6F3F00DD2D3E;
			productRefGroup = 478FEF6D1FDF6F3F00DD2D3E /* Products */;
			projectDirPath = "";
			projectRoot = "";
			targets = (
				478FEF6B1FDF6F3F00DD2D3E /* famousQuotes */,
				478FEF7F1FDF6F4000DD2D3E /* famousQuotesTests */,
			);
		};
/* End PBXProject section */

/* Begin PBXResourcesBuildPhase section */
		478FEF6A1FDF6F3F00DD2D3E /* Resources */ = {
			isa = PBXResourcesBuildPhase;
			buildActionMask = 2147483647;
			files = (
				478FEF7A1FDF6F3F00DD2D3E /* LaunchScreen.storyboard in Resources */,
				478FEF771FDF6F3F00DD2D3E /* Assets.xcassets in Resources */,
				4711206F1FE08352004B389E /* Media.xcassets in Resources */,
				478FEF751FDF6F3F00DD2D3E /* Main.storyboard in Resources */,
			);
			runOnlyForDeploymentPostprocessing = 0;
		};
		478FEF7E1FDF6F4000DD2D3E /* Resources */ = {
			isa = PBXResourcesBuildPhase;
			buildActionMask = 2147483647;
			files = (
			);
			runOnlyForDeploymentPostprocessing = 0;
		};
/* End PBXResourcesBuildPhase section */

/* Begin PBXShellScriptBuildPhase section */
		478FEF971FDF758F00DD2D3E /* ShellScript */ = {
			isa = PBXShellScriptBuildPhase;
			buildActionMask = 2147483647;
			files = (
			);
			inputPaths = (
				"$(SRCROOT)/Carthage/Build/iOS/RxCocoa.framework",
				"$(SRCROOT)/Carthage/Build/iOS/RxSwift.framework",
				"$(SRCROOT)/Carthage/Build/iOS/Alamofire.framework",
				"$(SRCROOT)/Carthage/Build/iOS/Kingfisher.framework",
				"$(SRCROOT)/Carthage/Build/iOS/SwiftyJSON.framework",
			);
			outputPaths = (
			);
			runOnlyForDeploymentPostprocessing = 0;
			shellPath = /bin/sh;
			shellScript = "/usr/local/bin/carthage copy-frameworks";
		};
/* End PBXShellScriptBuildPhase section */

/* Begin PBXSourcesBuildPhase section */
		478FEF681FDF6F3F00DD2D3E /* Sources */ = {
			isa = PBXSourcesBuildPhase;
			buildActionMask = 2147483647;
			files = (
				477BE2331FDF84A500FE23BF /* QuoteDetailViewController.swift in Sources */,
				473A28191FE6422C00390E6C /* CustomImageView.swift in Sources */,
				478FEF951FDF755600DD2D3E /* CustomView.swift in Sources */,
				4771447D1FE326270024BE9E /* QuoteDetailViewModel.swift in Sources */,
				478FEF931FDF755600DD2D3E /* SimpleHttpGetter.swift in Sources */,
				477BE22E1FDF7AC200FE23BF /* ListProxyTypes.swift in Sources */,
				477BE2311FDF7C5600FE23BF /* QuoteCollectionViewCell.swift in Sources */,
				478FEFA71FDF773700DD2D3E /* JSONParser.swift in Sources */,
				478FEFAB1FDF78AB00DD2D3E /* RecentViewModel.swift in Sources */,
				478FEF941FDF755600DD2D3E /* BaseListViewModel.swift in Sources */,
				478FEFA91FDF77BF00DD2D3E /* Quote.swift in Sources */,
				478FEF721FDF6F3F00DD2D3E /* RecentViewController.swift in Sources */,
				478FEF961FDF755600DD2D3E /* Commons.swift in Sources */,
				478FEF991FDF767E00DD2D3E /* DefaultCollectionView.swift in Sources */,
				478FEF701FDF6F3F00DD2D3E /* AppDelegate.swift in Sources */,
				477BE22F1FDF7AC200FE23BF /* ListProxyFactory.swift in Sources */,
				470722351FE4BEF2004F00D4 /* CardView.swift in Sources */,
				471120711FE08436004B389E /* LikeAnimations.swift in Sources */,
			);
			runOnlyForDeploymentPostprocessing = 0;
		};
		478FEF7C1FDF6F4000DD2D3E /* Sources */ = {
			isa = PBXSourcesBuildPhase;
			buildActionMask = 2147483647;
			files = (
				478FEF851FDF6F4000DD2D3E /* famousQuotesTests.swift in Sources */,
			);
			runOnlyForDeploymentPostprocessing = 0;
		};
/* End PBXSourcesBuildPhase section */

/* Begin PBXTargetDependency section */
		478FEF821FDF6F4000DD2D3E /* PBXTargetDependency */ = {
			isa = PBXTargetDependency;
			target = 478FEF6B1FDF6F3F00DD2D3E /* famousQuotes */;
			targetProxy = 478FEF811FDF6F4000DD2D3E /* PBXContainerItemProxy */;
		};
/* End PBXTargetDependency section */

/* Begin PBXVariantGroup section */
		478FEF731FDF6F3F00DD2D3E /* Main.storyboard */ = {
			isa = PBXVariantGroup;
			children = (
				478FEF741FDF6F3F00DD2D3E /* Base */,
			);
			name = Main.storyboard;
			sourceTree = "<group>";
		};
		478FEF781FDF6F3F00DD2D3E /* LaunchScreen.storyboard */ = {
			isa = PBXVariantGroup;
			children = (
				478FEF791FDF6F3F00DD2D3E /* Base */,
			);
			name = LaunchScreen.storyboard;
			sourceTree = "<group>";
		};
/* End PBXVariantGroup section */

/* Begin XCBuildConfiguration section */
		478FEF871FDF6F4000DD2D3E /* Debug */ = {
			isa = XCBuildConfiguration;
			buildSettings = {
				ALWAYS_SEARCH_USER_PATHS = NO;
				CLANG_ANALYZER_NONNULL = YES;
				CLANG_ANALYZER_NUMBER_OBJECT_CONVERSION = YES_AGGRESSIVE;
				CLANG_CXX_LANGUAGE_STANDARD = "gnu++14";
				CLANG_CXX_LIBRARY = "libc++";
				CLANG_ENABLE_MODULES = YES;
				CLANG_ENABLE_OBJC_ARC = YES;
				CLANG_WARN_BLOCK_CAPTURE_AUTORELEASING = YES;
				CLANG_WARN_BOOL_CONVERSION = YES;
				CLANG_WARN_COMMA = YES;
				CLANG_WARN_CONSTANT_CONVERSION = YES;
				CLANG_WARN_DIRECT_OBJC_ISA_USAGE = YES_ERROR;
				CLANG_WARN_DOCUMENTATION_COMMENTS = YES;
				CLANG_WARN_EMPTY_BODY = YES;
				CLANG_WARN_ENUM_CONVERSION = YES;
				CLANG_WARN_INFINITE_RECURSION = YES;
				CLANG_WARN_INT_CONVERSION = YES;
				CLANG_WARN_NON_LITERAL_NULL_CONVERSION = YES;
				CLANG_WARN_OBJC_LITERAL_CONVERSION = YES;
				CLANG_WARN_OBJC_ROOT_CLASS = YES_ERROR;
				CLANG_WARN_RANGE_LOOP_ANALYSIS = YES;
				CLANG_WARN_STRICT_PROTOTYPES = YES;
				CLANG_WARN_SUSPICIOUS_MOVE = YES;
				CLANG_WARN_UNGUARDED_AVAILABILITY = YES_AGGRESSIVE;
				CLANG_WARN_UNREACHABLE_CODE = YES;
				CLANG_WARN__DUPLICATE_METHOD_MATCH = YES;
				CODE_SIGN_IDENTITY = "iPhone Developer";
				COPY_PHASE_STRIP = NO;
				DEBUG_INFORMATION_FORMAT = dwarf;
				ENABLE_STRICT_OBJC_MSGSEND = YES;
				ENABLE_TESTABILITY = YES;
				GCC_C_LANGUAGE_STANDARD = gnu11;
				GCC_DYNAMIC_NO_PIC = NO;
				GCC_NO_COMMON_BLOCKS = YES;
				GCC_OPTIMIZATION_LEVEL = 0;
				GCC_PREPROCESSOR_DEFINITIONS = (
					"DEBUG=1",
					"$(inherited)",
				);
				GCC_WARN_64_TO_32_BIT_CONVERSION = YES;
				GCC_WARN_ABOUT_RETURN_TYPE = YES_ERROR;
				GCC_WARN_UNDECLARED_SELECTOR = YES;
				GCC_WARN_UNINITIALIZED_AUTOS = YES_AGGRESSIVE;
				GCC_WARN_UNUSED_FUNCTION = YES;
				GCC_WARN_UNUSED_VARIABLE = YES;
				IPHONEOS_DEPLOYMENT_TARGET = 11.1;
				MTL_ENABLE_DEBUG_INFO = YES;
				ONLY_ACTIVE_ARCH = YES;
				SDKROOT = iphoneos;
				SWIFT_ACTIVE_COMPILATION_CONDITIONS = DEBUG;
				SWIFT_OPTIMIZATION_LEVEL = "-Onone";
			};
			name = Debug;
		};
		478FEF881FDF6F4000DD2D3E /* Release */ = {
			isa = XCBuildConfiguration;
			buildSettings = {
				ALWAYS_SEARCH_USER_PATHS = NO;
				CLANG_ANALYZER_NONNULL = YES;
				CLANG_ANALYZER_NUMBER_OBJECT_CONVERSION = YES_AGGRESSIVE;
				CLANG_CXX_LANGUAGE_STANDARD = "gnu++14";
				CLANG_CXX_LIBRARY = "libc++";
				CLANG_ENABLE_MODULES = YES;
				CLANG_ENABLE_OBJC_ARC = YES;
				CLANG_WARN_BLOCK_CAPTURE_AUTORELEASING = YES;
				CLANG_WARN_BOOL_CONVERSION = YES;
				CLANG_WARN_COMMA = YES;
				CLANG_WARN_CONSTANT_CONVERSION = YES;
				CLANG_WARN_DIRECT_OBJC_ISA_USAGE = YES_ERROR;
				CLANG_WARN_DOCUMENTATION_COMMENTS = YES;
				CLANG_WARN_EMPTY_BODY = YES;
				CLANG_WARN_ENUM_CONVERSION = YES;
				CLANG_WARN_INFINITE_RECURSION = YES;
				CLANG_WARN_INT_CONVERSION = YES;
				CLANG_WARN_NON_LITERAL_NULL_CONVERSION = YES;
				CLANG_WARN_OBJC_LITERAL_CONVERSION = YES;
				CLANG_WARN_OBJC_ROOT_CLASS = YES_ERROR;
				CLANG_WARN_RANGE_LOOP_ANALYSIS = YES;
				CLANG_WARN_STRICT_PROTOTYPES = YES;
				CLANG_WARN_SUSPICIOUS_MOVE = YES;
				CLANG_WARN_UNGUARDED_AVAILABILITY = YES_AGGRESSIVE;
				CLANG_WARN_UNREACHABLE_CODE = YES;
				CLANG_WARN__DUPLICATE_METHOD_MATCH = YES;
				CODE_SIGN_IDENTITY = "iPhone Developer";
				COPY_PHASE_STRIP = NO;
				DEBUG_INFORMATION_FORMAT = "dwarf-with-dsym";
				ENABLE_NS_ASSERTIONS = NO;
				ENABLE_STRICT_OBJC_MSGSEND = YES;
				GCC_C_LANGUAGE_STANDARD = gnu11;
				GCC_NO_COMMON_BLOCKS = YES;
				GCC_WARN_64_TO_32_BIT_CONVERSION = YES;
				GCC_WARN_ABOUT_RETURN_TYPE = YES_ERROR;
				GCC_WARN_UNDECLARED_SELECTOR = YES;
				GCC_WARN_UNINITIALIZED_AUTOS = YES_AGGRESSIVE;
				GCC_WARN_UNUSED_FUNCTION = YES;
				GCC_WARN_UNUSED_VARIABLE = YES;
				IPHONEOS_DEPLOYMENT_TARGET = 11.1;
				MTL_ENABLE_DEBUG_INFO = NO;
				SDKROOT = iphoneos;
				SWIFT_OPTIMIZATION_LEVEL = "-Owholemodule";
				VALIDATE_PRODUCT = YES;
			};
			name = Release;
		};
		478FEF8A1FDF6F4000DD2D3E /* Debug */ = {
			isa = XCBuildConfiguration;
			buildSettings = {
				ASSETCATALOG_COMPILER_APPICON_NAME = AppIcon;
				CODE_SIGN_STYLE = Automatic;
				DEVELOPMENT_TEAM = DHMTBABACN;
				FRAMEWORK_SEARCH_PATHS = (
					"$(inherited)",
					"$(PROJECT_DIR)/Carthage/Build/iOS",
				);
				INFOPLIST_FILE = famousQuotes/Info.plist;
				IPHONEOS_DEPLOYMENT_TARGET = 11.0;
				LD_RUNPATH_SEARCH_PATHS = "$(inherited) @executable_path/Frameworks";
				PRODUCT_BUNDLE_IDENTIFIER = com.xavipedrals.famousQuotes;
				PRODUCT_NAME = "$(TARGET_NAME)";
				SWIFT_VERSION = 4.0;
				TARGETED_DEVICE_FAMILY = "1,2";
			};
			name = Debug;
		};
		478FEF8B1FDF6F4000DD2D3E /* Release */ = {
			isa = XCBuildConfiguration;
			buildSettings = {
				ASSETCATALOG_COMPILER_APPICON_NAME = AppIcon;
				CODE_SIGN_STYLE = Automatic;
				DEVELOPMENT_TEAM = DHMTBABACN;
				FRAMEWORK_SEARCH_PATHS = (
					"$(inherited)",
					"$(PROJECT_DIR)/Carthage/Build/iOS",
				);
				INFOPLIST_FILE = famousQuotes/Info.plist;
				IPHONEOS_DEPLOYMENT_TARGET = 11.0;
				LD_RUNPATH_SEARCH_PATHS = "$(inherited) @executable_path/Frameworks";
				PRODUCT_BUNDLE_IDENTIFIER = com.xavipedrals.famousQuotes;
				PRODUCT_NAME = "$(TARGET_NAME)";
				SWIFT_VERSION = 4.0;
				TARGETED_DEVICE_FAMILY = "1,2";
			};
			name = Release;
		};
		478FEF8D1FDF6F4000DD2D3E /* Debug */ = {
			isa = XCBuildConfiguration;
			buildSettings = {
				ALWAYS_EMBED_SWIFT_STANDARD_LIBRARIES = YES;
				BUNDLE_LOADER = "$(TEST_HOST)";
				CODE_SIGN_STYLE = Automatic;
				DEVELOPMENT_TEAM = DHMTBABACN;
				INFOPLIST_FILE = famousQuotesTests/Info.plist;
				LD_RUNPATH_SEARCH_PATHS = "$(inherited) @executable_path/Frameworks @loader_path/Frameworks";
				PRODUCT_BUNDLE_IDENTIFIER = com.xavipedrals.famousQuotesTests;
				PRODUCT_NAME = "$(TARGET_NAME)";
				SWIFT_VERSION = 4.0;
				TARGETED_DEVICE_FAMILY = "1,2";
				TEST_HOST = "$(BUILT_PRODUCTS_DIR)/famousQuotes.app/famousQuotes";
			};
			name = Debug;
		};
		478FEF8E1FDF6F4000DD2D3E /* Release */ = {
			isa = XCBuildConfiguration;
			buildSettings = {
				ALWAYS_EMBED_SWIFT_STANDARD_LIBRARIES = YES;
				BUNDLE_LOADER = "$(TEST_HOST)";
				CODE_SIGN_STYLE = Automatic;
				DEVELOPMENT_TEAM = DHMTBABACN;
				INFOPLIST_FILE = famousQuotesTests/Info.plist;
				LD_RUNPATH_SEARCH_PATHS = "$(inherited) @executable_path/Frameworks @loader_path/Frameworks";
				PRODUCT_BUNDLE_IDENTIFIER = com.xavipedrals.famousQuotesTests;
				PRODUCT_NAME = "$(TARGET_NAME)";
				SWIFT_VERSION = 4.0;
				TARGETED_DEVICE_FAMILY = "1,2";
				TEST_HOST = "$(BUILT_PRODUCTS_DIR)/famousQuotes.app/famousQuotes";
			};
			name = Release;
		};
/* End XCBuildConfiguration section */

/* Begin XCConfigurationList section */
		478FEF671FDF6F3F00DD2D3E /* Build configuration list for PBXProject "famousQuotes" */ = {
			isa = XCConfigurationList;
			buildConfigurations = (
				478FEF871FDF6F4000DD2D3E /* Debug */,
				478FEF881FDF6F4000DD2D3E /* Release */,
			);
			defaultConfigurationIsVisible = 0;
			defaultConfigurationName = Release;
		};
		478FEF891FDF6F4000DD2D3E /* Build configuration list for PBXNativeTarget "famousQuotes" */ = {
			isa = XCConfigurationList;
			buildConfigurations = (
				478FEF8A1FDF6F4000DD2D3E /* Debug */,
				478FEF8B1FDF6F4000DD2D3E /* Release */,
			);
			defaultConfigurationIsVisible = 0;
			defaultConfigurationName = Release;
		};
		478FEF8C1FDF6F4000DD2D3E /* Build configuration list for PBXNativeTarget "famousQuotesTests" */ = {
			isa = XCConfigurationList;
			buildConfigurations = (
				478FEF8D1FDF6F4000DD2D3E /* Debug */,
				478FEF8E1FDF6F4000DD2D3E /* Release */,
			);
			defaultConfigurationIsVisible = 0;
			defaultConfigurationName = Release;
		};
/* End XCConfigurationList section */
	};
	rootObject = 478FEF641FDF6F3F00DD2D3E /* Project object */;
}
